{
  "nodes": {
    "flake-parts": {
      "inputs": {
        "nixpkgs-lib": "nixpkgs-lib"
      },
      "locked": {
        "lastModified": 1759362264,
        "narHash": "sha256-wfG0S7pltlYyZTM+qqlhJ7GMw2fTF4mLKCIVhLii/4M=",
        "owner": "hercules-ci",
        "repo": "flake-parts",
        "rev": "758cf7296bee11f1706a574c77d072b8a7baa881",
        "type": "github"
      },
      "original": {
        "owner": "hercules-ci",
        "repo": "flake-parts",
        "type": "github"
      }
    },
    "flake-parts_2": {
      "inputs": {
        "nixpkgs-lib": "nixpkgs-lib_2"
      },
      "locked": {
        "lastModified": 1759362264,
        "narHash": "sha256-wfG0S7pltlYyZTM+qqlhJ7GMw2fTF4mLKCIVhLii/4M=",
        "owner": "hercules-ci",
        "repo": "flake-parts",
        "rev": "758cf7296bee11f1706a574c77d072b8a7baa881",
        "type": "github"
      },
      "original": {
        "owner": "hercules-ci",
        "repo": "flake-parts",
        "type": "github"
      }
    },
    "hs-bindgen": {
      "inputs": {
        "flake-parts": "flake-parts_2",
        "hs-bindgen-src": "hs-bindgen-src",
        "libclang-bindings-src": "libclang-bindings-src",
        "nixpkgs": "nixpkgs"
      },
      "locked": {
        "lastModified": 1760350654,
        "narHash": "sha256-UR0tKv/jpJieFzGhRV3HASaFyfuhSZ18ErP8voviLYg=",
        "owner": "dschrempf",
        "repo": "hs-bindgen-flake",
        "rev": "6eb8aefab8b78d52d367d269c37bd8bb2d1091d0",
        "type": "github"
      },
      "original": {
        "owner": "dschrempf",
        "repo": "hs-bindgen-flake",
        "type": "github"
      }
    },
    "hs-bindgen-src": {
      "flake": false,
      "locked": {
        "lastModified": 1760090155,
        "narHash": "sha256-kJIon+dGQKLk4sLw4E+tzke0JrGoFsFfFtdB4pPvHSw=",
        "owner": "well-typed",
        "repo": "hs-bindgen",
        "rev": "c6ff5e54194bdc89fb8f63827a7ff0b910b05f26",
        "type": "github"
      },
      "original": {
        "owner": "well-typed",
        "repo": "hs-bindgen",
        "type": "github"
      }
    },
    "libclang-bindings-src": {
      "flake": false,
      "locked": {
        "lastModified": 1760015240,
        "narHash": "sha256-xVFbuiZJuC1lqRdY61jWPrsa0mmJI0n9ic+gYYhH168=",
        "owner": "well-typed",
        "repo": "libclang",
        "rev": "41f70874b0f803366144059c0ed0f65809e8c385",
        "type": "github"
      },
      "original": {
        "owner": "well-typed",
        "repo": "libclang",
        "type": "github"
      }
    },
    "nixpkgs": {
      "locked": {
        "lastModified": 1760256791,
        "narHash": "sha256-uTpzDHRASEDeFUuToWSQ46Re8beXyG9dx4W36FQa0/c=",
        "owner": "NixOS",
        "repo": "nixpkgs",
        "rev": "832e3b6db48508ae436c2c7bfc0cf914eac6938e",
        "type": "github"
      },
      "original": {
        "owner": "NixOS",
        "ref": "nixpkgs-unstable",
        "repo": "nixpkgs",
        "type": "github"
      }
    },
    "nixpkgs-lib": {
      "locked": {
        "lastModified": 1754788789,
        "narHash": "sha256-x2rJ+Ovzq0sCMpgfgGaaqgBSwY+LST+WbZ6TytnT9Rk=",
        "owner": "nix-community",
        "repo": "nixpkgs.lib",
        "rev": "a73b9c743612e4244d865a2fdee11865283c04e6",
        "type": "github"
      },
      "original": {
        "owner": "nix-community",
        "repo": "nixpkgs.lib",
        "type": "github"
      }
    },
    "nixpkgs-lib_2": {
      "locked": {
        "lastModified": 1754788789,
        "narHash": "sha256-x2rJ+Ovzq0sCMpgfgGaaqgBSwY+LST+WbZ6TytnT9Rk=",
        "owner": "nix-community",
        "repo": "nixpkgs.lib",
        "rev": "a73b9c743612e4244d865a2fdee11865283c04e6",
        "type": "github"
      },
      "original": {
        "owner": "nix-community",
        "repo": "nixpkgs.lib",
        "type": "github"
      }
    },
    "nixpkgs_2": {
      "locked": {
        "lastModified": 1760256791,
        "narHash": "sha256-uTpzDHRASEDeFUuToWSQ46Re8beXyG9dx4W36FQa0/c=",
        "owner": "NixOS",
        "repo": "nixpkgs",
        "rev": "832e3b6db48508ae436c2c7bfc0cf914eac6938e",
        "type": "github"
      },
      "original": {
        "owner": "NixOS",
        "ref": "nixpkgs-unstable",
        "repo": "nixpkgs",
        "type": "github"
      }
    },
    "root": {
      "inputs": {
        "flake-parts": "flake-parts",
        "hs-bindgen": "hs-bindgen",
        "nixpkgs": "nixpkgs_2"
      }
    }
  },
  "root": "root",
  "version": 7
}
