{
  "nodes": {
    "flake-parts": {
      "inputs": {
        "nixpkgs-lib": "nixpkgs-lib"
      },
      "locked": {
        "lastModified": 1765835352,
        "narHash": "sha256-XswHlK/Qtjasvhd1nOa1e8MgZ8GS//jBoTqWtrS1Giw=",
        "owner": "hercules-ci",
        "repo": "flake-parts",
        "rev": "a34fae9c08a15ad73f295041fec82323541400a9",
        "type": "github"
      },
      "original": {
        "owner": "hercules-ci",
        "repo": "flake-parts",
        "type": "github"
      }
    },
    "flake-parts_2": {
      "inputs": {
        "nixpkgs-lib": "nixpkgs-lib_2"
      },
      "locked": {
        "lastModified": 1763759067,
        "narHash": "sha256-LlLt2Jo/gMNYAwOgdRQBrsRoOz7BPRkzvNaI/fzXi2Q=",
        "owner": "hercules-ci",
        "repo": "flake-parts",
        "rev": "2cccadc7357c0ba201788ae99c4dfa90728ef5e0",
        "type": "github"
      },
      "original": {
        "owner": "hercules-ci",
        "repo": "flake-parts",
        "type": "github"
      }
    },
    "hs-bindgen": {
      "inputs": {
        "flake-parts": "flake-parts_2",
        "libclang-bindings-src": "libclang-bindings-src",
        "nixpkgs": "nixpkgs"
      },
      "locked": {
        "lastModified": 1766502231,
        "narHash": "sha256-KvX8XxHzHJJey01pZIkx2HqK0Tj+jSpcEPeHBY1wUF4=",
        "owner": "well-typed",
        "repo": "hs-bindgen",
        "rev": "b12b04d0f0d75a4110c2e08b9b5b18ee76419abe",
        "type": "github"
      },
      "original": {
        "owner": "well-typed",
        "repo": "hs-bindgen",
        "type": "github"
      }
    },
    "libclang-bindings-src": {
      "flake": false,
      "locked": {
        "lastModified": 1765293798,
        "narHash": "sha256-fZvyZo5emD1W5LwrIg2zTUYE9StRh3xF8TcuXjzKIAk=",
        "owner": "well-typed",
        "repo": "libclang",
        "rev": "b8305bd9c3e8e8f63d6f415553388be7f233ef45",
        "type": "github"
      },
      "original": {
        "owner": "well-typed",
        "repo": "libclang",
        "rev": "b8305bd9c3e8e8f63d6f415553388be7f233ef45",
        "type": "github"
      }
    },
    "nixpkgs": {
      "locked": {
        "lastModified": 1764947035,
        "narHash": "sha256-EYHSjVM4Ox4lvCXUMiKKs2vETUSL5mx+J2FfutM7T9w=",
        "owner": "NixOS",
        "repo": "nixpkgs",
        "rev": "a672be65651c80d3f592a89b3945466584a22069",
        "type": "github"
      },
      "original": {
        "owner": "NixOS",
        "ref": "nixpkgs-unstable",
        "repo": "nixpkgs",
        "type": "github"
      }
    },
    "nixpkgs-lib": {
      "locked": {
        "lastModified": 1765674936,
        "narHash": "sha256-k00uTP4JNfmejrCLJOwdObYC9jHRrr/5M/a/8L2EIdo=",
        "owner": "nix-community",
        "repo": "nixpkgs.lib",
        "rev": "2075416fcb47225d9b68ac469a5c4801a9c4dd85",
        "type": "github"
      },
      "original": {
        "owner": "nix-community",
        "repo": "nixpkgs.lib",
        "type": "github"
      }
    },
    "nixpkgs-lib_2": {
      "locked": {
        "lastModified": 1761765539,
        "narHash": "sha256-b0yj6kfvO8ApcSE+QmA6mUfu8IYG6/uU28OFn4PaC8M=",
        "owner": "nix-community",
        "repo": "nixpkgs.lib",
        "rev": "719359f4562934ae99f5443f20aa06c2ffff91fc",
        "type": "github"
      },
      "original": {
        "owner": "nix-community",
        "repo": "nixpkgs.lib",
        "type": "github"
      }
    },
    "nixpkgs_2": {
      "locked": {
        "lastModified": 1766410818,
        "narHash": "sha256-ruVneSx6wFy5PMw1ow3BE+znl653TJ6+eeNUj4B/9y8=",
        "owner": "NixOS",
        "repo": "nixpkgs",
        "rev": "3a7affa77a5a539afa1c7859e2c31abdb1aeadf3",
        "type": "github"
      },
      "original": {
        "owner": "NixOS",
        "ref": "nixpkgs-unstable",
        "repo": "nixpkgs",
        "type": "github"
      }
    },
    "root": {
      "inputs": {
        "flake-parts": "flake-parts",
        "hs-bindgen": "hs-bindgen",
        "nixpkgs": "nixpkgs_2"
      }
    }
  },
  "root": "root",
  "version": 7
}
